
Microsoft Visual Studio Solution File, Format Version 12.00
# Visual Studio 15
VisualStudioVersion = 15.0.27130.2003
MinimumVisualStudioVersion = 10.0.40219.1
Project("{FAE04EC0-301F-11D3-BF4B-00C04F79EFBC}") = "MozJpeg", "MozJpeg\MozJpeg.csproj", "{76876062-E74E-4580-9CAB-E8CA63F96142}"
EndProject
Global
	GlobalSection(SolutionConfigurationPlatforms) = preSolution
		Debug|Any CPU = Debug|Any CPU
		Debug|x64 = Debug|x64
		Release|Any CPU = Release|Any CPU
		Release|x64 = Release|x64
	EndGlobalSection
	GlobalSection(ProjectConfigurationPlatforms) = postSolution
		{76876062-E74E-4580-9CAB-E8CA63F96142}.Debug|Any CPU.ActiveCfg = Debug|Any CPU
		{76876062-E74E-4580-9CAB-E8CA63F96142}.Debug|Any CPU.Build.0 = Debug|Any CPU
		{76876062-E74E-4580-9CAB-E8CA63F96142}.Debug|x64.ActiveCfg = Release|x64
		{76876062-E74E-4580-9CAB-E8CA63F96142}.Debug|x64.Build.0 = Release|x64
		{76876062-E74E-4580-9CAB-E8CA63F96142}.Release|Any CPU.ActiveCfg = Release|Any CPU
		{76876062-E74E-4580-9CAB-E8CA63F96142}.Release|Any CPU.Build.0 = Release|Any CPU
		{76876062-E74E-4580-9CAB-E8CA63F96142}.Release|x64.ActiveCfg = Release|x64
		{76876062-E74E-4580-9CAB-E8CA63F96142}.Release|x64.Build.0 = Release|x64
	EndGlobalSection
	GlobalSection(SolutionProperties) = preSolution
		HideSolutionNode = FALSE
	EndGlobalSection
	GlobalSection(ExtensibilityGlobals) = postSolution
		SolutionGuid = {7DB3D7A8-D010-4BC9-8DF9-2883DE29CD1A}
	EndGlobalSection
EndGlobal
